{
  "nodes": {
    "flake-utils": {
      "locked": {
        "lastModified": 1620759905,
        "narHash": "sha256-WiyWawrgmyN0EdmiHyG2V+fqReiVi8bM9cRdMaKQOFg=",
        "owner": "numtide",
        "repo": "flake-utils",
        "rev": "b543720b25df6ffdfcf9227afafc5b8c1fabfae8",
        "type": "github"
      },
      "original": {
        "owner": "numtide",
        "repo": "flake-utils",
        "type": "github"
      }
    },
    "newrelic-istio-adapter-chart": {
      "flake": false,
      "locked": {
        "lastModified": 1598291856,
        "narHash": "sha256-1imDf+xzRy+U69efB8pxNlo/craQhthdGM2GoEk8mS0=",
        "owner": "newrelic",
        "repo": "newrelic-istio-adapter",
        "rev": "d70da8f2b4bf154b1add15cc5af8c1efdbae4b0c",
        "type": "github"
      },
      "original": {
        "owner": "newrelic",
        "repo": "newrelic-istio-adapter",
        "type": "github"
      }
    },
    "nixpkgs": {
      "locked": {
        "lastModified": 1621840840,
        "narHash": "sha256-o6h6+d5ZwrFmOTe+ma9s1Z9kyHsCW1C84IA8RZ9/fIU=",
        "owner": "NixOS",
        "repo": "nixpkgs",
        "rev": "ea7d4aa9b8225abd6147339f0d56675d6f1f0fd1",
        "type": "github"
      },
      "original": {
        "owner": "NixOS",
        "ref": "nixos-unstable",
        "repo": "nixpkgs",
        "type": "github"
      }
    },
    "nixpkgs-release": {
      "locked": {
        "lastModified": 1622149199,
        "narHash": "sha256-w73LSKsGfiE5599g/qMgYAWhMn9Cb64klP09G4o2ElE=",
        "owner": "NixOS",
        "repo": "nixpkgs",
        "rev": "ad3dcab698f5bce570b1887970655ed9e36f8946",
        "type": "github"
      },
      "original": {
        "owner": "NixOS",
        "ref": "release-20.09",
        "repo": "nixpkgs",
        "type": "github"
      }
    },
    "root": {
      "inputs": {
        "flake-utils": "flake-utils",
        "newrelic-istio-adapter-chart": "newrelic-istio-adapter-chart",
        "nixpkgs": "nixpkgs",
        "nixpkgs-release": "nixpkgs-release"
      }
    }
  },
  "root": "root",
  "version": 7
}
